
Microsoft Visual Studio Solution File, Format Version 12.00
# Visual Studio 15
VisualStudioVersion = 15.0.27428.2037
MinimumVisualStudioVersion = 10.0.40219.1
Project("{FAE04EC0-301F-11D3-BF4B-00C04F79EFBC}") = "b-opdracht", "b-opdracht\b-opdracht.csproj", "{96F0B3B0-33AB-4659-A551-040EE4B40123}"
EndProject
Global
	GlobalSection(SolutionConfigurationPlatforms) = preSolution
		Debug|Any CPU = Debug|Any CPU
		Release|Any CPU = Release|Any CPU
	EndGlobalSection
	GlobalSection(ProjectConfigurationPlatforms) = postSolution
		{96F0B3B0-33AB-4659-A551-040EE4B40123}.Debug|Any CPU.ActiveCfg = Debug|Any CPU
		{96F0B3B0-33AB-4659-A551-040EE4B40123}.Debug|Any CPU.Build.0 = Debug|Any CPU
		{96F0B3B0-33AB-4659-A551-040EE4B40123}.Debug|Any CPU.Deploy.0 = Debug|Any CPU
		{96F0B3B0-33AB-4659-A551-040EE4B40123}.Release|Any CPU.ActiveCfg = Release|Any CPU
		{96F0B3B0-33AB-4659-A551-040EE4B40123}.Release|Any CPU.Build.0 = Release|Any CPU
		{96F0B3B0-33AB-4659-A551-040EE4B40123}.Release|Any CPU.Deploy.0 = Release|Any CPU
	EndGlobalSection
	GlobalSection(SolutionProperties) = preSolution
		HideSolutionNode = FALSE
	EndGlobalSection
	GlobalSection(ExtensibilityGlobals) = postSolution
		SolutionGuid = {8934A56F-9FF1-4DA0-A140-C5B5ACB3D5CE}
	EndGlobalSection
EndGlobal
