
Microsoft Visual Studio Solution File, Format Version 12.00
# Visual Studio 15
VisualStudioVersion = 15.0.27703.2000
MinimumVisualStudioVersion = 10.0.40219.1
Project("{FAE04EC0-301F-11D3-BF4B-00C04F79EFBC}") = "socket.Android", "socket\socket.Android\socket.Android.csproj", "{5826217D-191B-43DD-AD5A-CB0F70CFFD52}"
EndProject
Project("{D954291E-2A0B-460D-934E-DC6B0785DB48}") = "socket", "socket\socket\socket.shproj", "{2F985938-4105-4560-829C-778BB0646390}"
EndProject
Global
	GlobalSection(SharedMSBuildProjectFiles) = preSolution
		socket\socket\socket.projitems*{2f985938-4105-4560-829c-778bb0646390}*SharedItemsImports = 13
		socket\socket\socket.projitems*{5826217d-191b-43dd-ad5a-cb0f70cffd52}*SharedItemsImports = 4
	EndGlobalSection
	GlobalSection(SolutionConfigurationPlatforms) = preSolution
		Debug|Any CPU = Debug|Any CPU
		Release|Any CPU = Release|Any CPU
	EndGlobalSection
	GlobalSection(ProjectConfigurationPlatforms) = postSolution
		{5826217D-191B-43DD-AD5A-CB0F70CFFD52}.Debug|Any CPU.ActiveCfg = Debug|Any CPU
		{5826217D-191B-43DD-AD5A-CB0F70CFFD52}.Debug|Any CPU.Build.0 = Debug|Any CPU
		{5826217D-191B-43DD-AD5A-CB0F70CFFD52}.Debug|Any CPU.Deploy.0 = Debug|Any CPU
		{5826217D-191B-43DD-AD5A-CB0F70CFFD52}.Release|Any CPU.ActiveCfg = Release|Any CPU
		{5826217D-191B-43DD-AD5A-CB0F70CFFD52}.Release|Any CPU.Build.0 = Release|Any CPU
		{5826217D-191B-43DD-AD5A-CB0F70CFFD52}.Release|Any CPU.Deploy.0 = Release|Any CPU
	EndGlobalSection
	GlobalSection(SolutionProperties) = preSolution
		HideSolutionNode = FALSE
	EndGlobalSection
	GlobalSection(ExtensibilityGlobals) = postSolution
		SolutionGuid = {9D92875C-2C2E-4502-AA12-C03CAE209A68}
	EndGlobalSection
EndGlobal
